
Microsoft Visual Studio Solution File, Format Version 12.00
# Visual Studio Version 17
VisualStudioVersion = 17.9.34728.123
MinimumVisualStudioVersion = 10.0.40219.1
Project("{FAE04EC0-301F-11D3-BF4B-00C04F79EFBC}") = "CalculadoraBasica.WinApp", "CalculadoraBasica.WinApp\CalculadoraBasica.WinApp.csproj", "{0D4FB69E-59B1-4BCA-AA26-28BE57ACA737}"
EndProject
Global
	GlobalSection(SolutionConfigurationPlatforms) = preSolution
		Debug|Any CPU = Debug|Any CPU
		Release|Any CPU = Release|Any CPU
	EndGlobalSection
	GlobalSection(ProjectConfigurationPlatforms) = postSolution
		{0D4FB69E-59B1-4BCA-AA26-28BE57ACA737}.Debug|Any CPU.ActiveCfg = Debug|Any CPU
		{0D4FB69E-59B1-4BCA-AA26-28BE57ACA737}.Debug|Any CPU.Build.0 = Debug|Any CPU
		{0D4FB69E-59B1-4BCA-AA26-28BE57ACA737}.Release|Any CPU.ActiveCfg = Release|Any CPU
		{0D4FB69E-59B1-4BCA-AA26-28BE57ACA737}.Release|Any CPU.Build.0 = Release|Any CPU
	EndGlobalSection
	GlobalSection(SolutionProperties) = preSolution
		HideSolutionNode = FALSE
	EndGlobalSection
	GlobalSection(ExtensibilityGlobals) = postSolution
		SolutionGuid = {658AFB74-A13B-4DD3-BB14-590288B9407D}
	EndGlobalSection
EndGlobal
